
Microsoft Visual Studio Solution File, Format Version 12.00
# Visual Studio Version 16
VisualStudioVersion = 16.0.30523.141
MinimumVisualStudioVersion = 10.0.40219.1
Project("{FAE04EC0-301F-11D3-BF4B-00C04F79EFBC}") = "kalkulator ip", "kalkulator ip\kalkulator ip.csproj", "{BA4138FA-78F1-41FD-8FC0-6C19792BCA2B}"
EndProject
Global
	GlobalSection(SolutionConfigurationPlatforms) = preSolution
		Debug|Any CPU = Debug|Any CPU
		Release|Any CPU = Release|Any CPU
	EndGlobalSection
	GlobalSection(ProjectConfigurationPlatforms) = postSolution
		{BA4138FA-78F1-41FD-8FC0-6C19792BCA2B}.Debug|Any CPU.ActiveCfg = Debug|Any CPU
		{BA4138FA-78F1-41FD-8FC0-6C19792BCA2B}.Debug|Any CPU.Build.0 = Debug|Any CPU
		{BA4138FA-78F1-41FD-8FC0-6C19792BCA2B}.Release|Any CPU.ActiveCfg = Release|Any CPU
		{BA4138FA-78F1-41FD-8FC0-6C19792BCA2B}.Release|Any CPU.Build.0 = Release|Any CPU
	EndGlobalSection
	GlobalSection(SolutionProperties) = preSolution
		HideSolutionNode = FALSE
	EndGlobalSection
	GlobalSection(ExtensibilityGlobals) = postSolution
		SolutionGuid = {1BD4D648-F9A6-45BA-8227-B5FE1F5FCE65}
	EndGlobalSection
EndGlobal
